
Microsoft Visual Studio Solution File, Format Version 12.00
# Visual Studio Version 17
VisualStudioVersion = 17.0.31903.59
MinimumVisualStudioVersion = 10.0.40219.1
Project("{2150E333-8FDC-42A3-9474-1A3956D46DE8}") = "src", "src", "{827E0CD3-B72D-47B6-A68D-7590B98EB39B}"
EndProject
Project("{FAE04EC0-301F-11D3-BF4B-00C04F79EFBC}") = "FiveHead.Mcp.Core", "src\FiveHead.Mcp.Core\FiveHead.Mcp.Core.csproj", "{D6D596A1-6282-4D0A-BEB0-4E3D2ABA9FEF}"
EndProject
Project("{FAE04EC0-301F-11D3-BF4B-00C04F79EFBC}") = "FiveHead.Mcp.Host", "src\FiveHead.Mcp.Host\FiveHead.Mcp.Host.csproj", "{2C14FEDD-289E-4345-A220-38E33F67EC60}"
EndProject
Project("{2150E333-8FDC-42A3-9474-1A3956D46DE8}") = "tests", "tests", "{0AB3BF05-4346-4AA6-1389-037BE0695223}"
EndProject
Project("{FAE04EC0-301F-11D3-BF4B-00C04F79EFBC}") = "FiveHead.Mcp.Tests", "tests\FiveHead.Mcp.Tests\FiveHead.Mcp.Tests.csproj", "{97714ABF-AFB4-44DA-A64F-DD417BBB9FD3}"
EndProject
Global
	GlobalSection(SolutionConfigurationPlatforms) = preSolution
		Debug|Any CPU = Debug|Any CPU
		Debug|x64 = Debug|x64
		Debug|x86 = Debug|x86
		Release|Any CPU = Release|Any CPU
		Release|x64 = Release|x64
		Release|x86 = Release|x86
	EndGlobalSection
	GlobalSection(ProjectConfigurationPlatforms) = postSolution
		{D6D596A1-6282-4D0A-BEB0-4E3D2ABA9FEF}.Debug|Any CPU.ActiveCfg = Debug|Any CPU
		{D6D596A1-6282-4D0A-BEB0-4E3D2ABA9FEF}.Debug|Any CPU.Build.0 = Debug|Any CPU
		{D6D596A1-6282-4D0A-BEB0-4E3D2ABA9FEF}.Debug|x64.ActiveCfg = Debug|Any CPU
		{D6D596A1-6282-4D0A-BEB0-4E3D2ABA9FEF}.Debug|x64.Build.0 = Debug|Any CPU
		{D6D596A1-6282-4D0A-BEB0-4E3D2ABA9FEF}.Debug|x86.ActiveCfg = Debug|Any CPU
		{D6D596A1-6282-4D0A-BEB0-4E3D2ABA9FEF}.Debug|x86.Build.0 = Debug|Any CPU
		{D6D596A1-6282-4D0A-BEB0-4E3D2ABA9FEF}.Release|Any CPU.ActiveCfg = Release|Any CPU
		{D6D596A1-6282-4D0A-BEB0-4E3D2ABA9FEF}.Release|Any CPU.Build.0 = Release|Any CPU
		{D6D596A1-6282-4D0A-BEB0-4E3D2ABA9FEF}.Release|x64.ActiveCfg = Release|Any CPU
		{D6D596A1-6282-4D0A-BEB0-4E3D2ABA9FEF}.Release|x64.Build.0 = Release|Any CPU
		{D6D596A1-6282-4D0A-BEB0-4E3D2ABA9FEF}.Release|x86.ActiveCfg = Release|Any CPU
		{D6D596A1-6282-4D0A-BEB0-4E3D2ABA9FEF}.Release|x86.Build.0 = Release|Any CPU
		{2C14FEDD-289E-4345-A220-38E33F67EC60}.Debug|Any CPU.ActiveCfg = Debug|Any CPU
		{2C14FEDD-289E-4345-A220-38E33F67EC60}.Debug|Any CPU.Build.0 = Debug|Any CPU
		{2C14FEDD-289E-4345-A220-38E33F67EC60}.Debug|x64.ActiveCfg = Debug|Any CPU
		{2C14FEDD-289E-4345-A220-38E33F67EC60}.Debug|x64.Build.0 = Debug|Any CPU
		{2C14FEDD-289E-4345-A220-38E33F67EC60}.Debug|x86.ActiveCfg = Debug|Any CPU
		{2C14FEDD-289E-4345-A220-38E33F67EC60}.Debug|x86.Build.0 = Debug|Any CPU
		{2C14FEDD-289E-4345-A220-38E33F67EC60}.Release|Any CPU.ActiveCfg = Release|Any CPU
		{2C14FEDD-289E-4345-A220-38E33F67EC60}.Release|Any CPU.Build.0 = Release|Any CPU
		{2C14FEDD-289E-4345-A220-38E33F67EC60}.Release|x64.ActiveCfg = Release|Any CPU
		{2C14FEDD-289E-4345-A220-38E33F67EC60}.Release|x64.Build.0 = Release|Any CPU
		{2C14FEDD-289E-4345-A220-38E33F67EC60}.Release|x86.ActiveCfg = Release|Any CPU
		{2C14FEDD-289E-4345-A220-38E33F67EC60}.Release|x86.Build.0 = Release|Any CPU
		{97714ABF-AFB4-44DA-A64F-DD417BBB9FD3}.Debug|Any CPU.ActiveCfg = Debug|Any CPU
		{97714ABF-AFB4-44DA-A64F-DD417BBB9FD3}.Debug|Any CPU.Build.0 = Debug|Any CPU
		{97714ABF-AFB4-44DA-A64F-DD417BBB9FD3}.Debug|x64.ActiveCfg = Debug|Any CPU
		{97714ABF-AFB4-44DA-A64F-DD417BBB9FD3}.Debug|x64.Build.0 = Debug|Any CPU
		{97714ABF-AFB4-44DA-A64F-DD417BBB9FD3}.Debug|x86.ActiveCfg = Debug|Any CPU
		{97714ABF-AFB4-44DA-A64F-DD417BBB9FD3}.Debug|x86.Build.0 = Debug|Any CPU
		{97714ABF-AFB4-44DA-A64F-DD417BBB9FD3}.Release|Any CPU.ActiveCfg = Release|Any CPU
		{97714ABF-AFB4-44DA-A64F-DD417BBB9FD3}.Release|Any CPU.Build.0 = Release|Any CPU
		{97714ABF-AFB4-44DA-A64F-DD417BBB9FD3}.Release|x64.ActiveCfg = Release|Any CPU
		{97714ABF-AFB4-44DA-A64F-DD417BBB9FD3}.Release|x64.Build.0 = Release|Any CPU
		{97714ABF-AFB4-44DA-A64F-DD417BBB9FD3}.Release|x86.ActiveCfg = Release|Any CPU
		{97714ABF-AFB4-44DA-A64F-DD417BBB9FD3}.Release|x86.Build.0 = Release|Any CPU
	EndGlobalSection
	GlobalSection(SolutionProperties) = preSolution
		HideSolutionNode = FALSE
	EndGlobalSection
	GlobalSection(NestedProjects) = preSolution
		{D6D596A1-6282-4D0A-BEB0-4E3D2ABA9FEF} = {827E0CD3-B72D-47B6-A68D-7590B98EB39B}
		{2C14FEDD-289E-4345-A220-38E33F67EC60} = {827E0CD3-B72D-47B6-A68D-7590B98EB39B}
		{97714ABF-AFB4-44DA-A64F-DD417BBB9FD3} = {0AB3BF05-4346-4AA6-1389-037BE0695223}
	EndGlobalSection
EndGlobal
